// !$*UTF8*$!
{
	archiveVersion = 1;
	classes = {
	};
	objectVersion = 50;
	objects = {

/* Begin PBXBuildFile section */
		7CB0A89421AC7880004645F1 /* AppDelegate.swift in Sources */ = {isa = PBXBuildFile; fileRef = 7CB0A89321AC7880004645F1 /* AppDelegate.swift */; };
		7CB0A89621AC7880004645F1 /* ViewController.swift in Sources */ = {isa = PBXBuildFile; fileRef = 7CB0A89521AC7880004645F1 /* ViewController.swift */; };
		7CB0A89921AC7880004645F1 /* Main.storyboard in Resources */ = {isa = PBXBuildFile; fileRef = 7CB0A89721AC7880004645F1 /* Main.storyboard */; };
		7CB0A89B21AC7883004645F1 /* Assets.xcassets in Resources */ = {isa = PBXBuildFile; fileRef = 7CB0A89A21AC7883004645F1 /* Assets.xcassets */; };
		7CB0A89E21AC7883004645F1 /* LaunchScreen.storyboard in Resources */ = {isa = PBXBuildFile; fileRef = 7CB0A89C21AC7883004645F1 /* LaunchScreen.storyboard */; };
		7CB0A8A921AC7883004645F1 /* PlatedRestaurantTests.swift in Sources */ = {isa = PBXBuildFile; fileRef = 7CB0A8A821AC7883004645F1 /* PlatedRestaurantTests.swift */; };
		7CB0A8B421AC7883004645F1 /* PlatedRestaurantUITests.swift in Sources */ = {isa = PBXBuildFile; fileRef = 7CB0A8B321AC7883004645F1 /* PlatedRestaurantUITests.swift */; };
/* End PBXBuildFile section */

/* Begin PBXContainerItemProxy section */
		7CB0A8A521AC7883004645F1 /* PBXContainerItemProxy */ = {
			isa = PBXContainerItemProxy;
			containerPortal = 7CB0A88821AC7880004645F1 /* Project object */;
			proxyType = 1;
			remoteGlobalIDString = 7CB0A88F21AC7880004645F1;
			remoteInfo = PlatedRestaurant;
		};
		7CB0A8B021AC7883004645F1 /* PBXContainerItemProxy */ = {
			isa = PBXContainerItemProxy;
			containerPortal = 7CB0A88821AC7880004645F1 /* Project object */;
			proxyType = 1;
			remoteGlobalIDString = 7CB0A88F21AC7880004645F1;
			remoteInfo = PlatedRestaurant;
		};
/* End PBXContainerItemProxy section */

/* Begin PBXFileReference section */
		7CB0A89021AC7880004645F1 /* PlatedRestaurant.app */ = {isa = PBXFileReference; explicitFileType = wrapper.application; includeInIndex = 0; path = PlatedRestaurant.app; sourceTree = BUILT_PRODUCTS_DIR; };
		7CB0A89321AC7880004645F1 /* AppDelegate.swift */ = {isa = PBXFileReference; lastKnownFileType = sourcecode.swift; path = AppDelegate.swift; sourceTree = "<group>"; };
		7CB0A89521AC7880004645F1 /* ViewController.swift */ = {isa = PBXFileReference; lastKnownFileType = sourcecode.swift; path = ViewController.swift; sourceTree = "<group>"; };
		7CB0A89821AC7880004645F1 /* Base */ = {isa = PBXFileReference; lastKnownFileType = file.storyboard; name = Base; path = Base.lproj/Main.storyboard; sourceTree = "<group>"; };
		7CB0A89A21AC7883004645F1 /* Assets.xcassets */ = {isa = PBXFileReference; lastKnownFileType = folder.assetcatalog; path = Assets.xcassets; sourceTree = "<group>"; };
		7CB0A89D21AC7883004645F1 /* Base */ = {isa = PBXFileReference; lastKnownFileType = file.storyboard; name = Base; path = Base.lproj/LaunchScreen.storyboard; sourceTree = "<group>"; };
		7CB0A89F21AC7883004645F1 /* Info.plist */ = {isa = PBXFileReference; lastKnownFileType = text.plist.xml; path = Info.plist; sourceTree = "<group>"; };
		7CB0A8A421AC7883004645F1 /* PlatedRestaurantTests.xctest */ = {isa = PBXFileReference; explicitFileType = wrapper.cfbundle; includeInIndex = 0; path = PlatedRestaurantTests.xctest; sourceTree = BUILT_PRODUCTS_DIR; };
		7CB0A8A821AC7883004645F1 /* PlatedRestaurantTests.swift */ = {isa = PBXFileReference; lastKnownFileType = sourcecode.swift; path = PlatedRestaurantTests.swift; sourceTree = "<group>"; };
		7CB0A8AA21AC7883004645F1 /* Info.plist */ = {isa = PBXFileReference; lastKnownFileType = text.plist.xml; path = Info.plist; sourceTree = "<group>"; };
		7CB0A8AF21AC7883004645F1 /* PlatedRestaurantUITests.xctest */ = {isa = PBXFileReference; explicitFileType = wrapper.cfbundle; includeInIndex = 0; path = PlatedRestaurantUITests.xctest; sourceTree = BUILT_PRODUCTS_DIR; };
		7CB0A8B321AC7883004645F1 /* PlatedRestaurantUITests.swift */ = {isa = PBXFileReference; lastKnownFileType = sourcecode.swift; path = PlatedRestaurantUITests.swift; sourceTree = "<group>"; };
		7CB0A8B521AC7883004645F1 /* Info.plist */ = {isa = PBXFileReference; lastKnownFileType = text.plist.xml; path = Info.plist; sourceTree = "<group>"; };
/* End PBXFileReference section */

/* Begin PBXFrameworksBuildPhase section */
		7CB0A88D21AC7880004645F1 /* Frameworks */ = {
			isa = PBXFrameworksBuildPhase;
			buildActionMask = 2147483647;
			files = (
			);
			runOnlyForDeploymentPostprocessing = 0;
		};
		7CB0A8A121AC7883004645F1 /* Frameworks */ = {
			isa = PBXFrameworksBuildPhase;
			buildActionMask = 2147483647;
			files = (
			);
			runOnlyForDeploymentPostprocessing = 0;
		};
		7CB0A8AC21AC7883004645F1 /* Frameworks */ = {
			isa = PBXFrameworksBuildPhase;
			buildActionMask = 2147483647;
			files = (
			);
			runOnlyForDeploymentPostprocessing = 0;
		};
/* End PBXFrameworksBuildPhase section */

/* Begin PBXGroup section */
		7CB0A88721AC7880004645F1 = {
			isa = PBXGroup;
			children = (
				7CB0A89221AC7880004645F1 /* PlatedRestaurant */,
				7CB0A8A721AC7883004645F1 /* PlatedRestaurantTests */,
				7CB0A8B221AC7883004645F1 /* PlatedRestaurantUITests */,
				7CB0A89121AC7880004645F1 /* Products */,
			);
			sourceTree = "<group>";
		};
		7CB0A89121AC7880004645F1 /* Products */ = {
			isa = PBXGroup;
			children = (
				7CB0A89021AC7880004645F1 /* PlatedRestaurant.app */,
				7CB0A8A421AC7883004645F1 /* PlatedRestaurantTests.xctest */,
				7CB0A8AF21AC7883004645F1 /* PlatedRestaurantUITests.xctest */,
			);
			name = Products;
			sourceTree = "<group>";
		};
		7CB0A89221AC7880004645F1 /* PlatedRestaurant */ = {
			isa = PBXGroup;
			children = (
				7CB0A89321AC7880004645F1 /* AppDelegate.swift */,
				7CB0A89521AC7880004645F1 /* ViewController.swift */,
				7CB0A89721AC7880004645F1 /* Main.storyboard */,
				7CB0A89A21AC7883004645F1 /* Assets.xcassets */,
				7CB0A89C21AC7883004645F1 /* LaunchScreen.storyboard */,
				7CB0A89F21AC7883004645F1 /* Info.plist */,
			);
			path = PlatedRestaurant;
			sourceTree = "<group>";
		};
		7CB0A8A721AC7883004645F1 /* PlatedRestaurantTests */ = {
			isa = PBXGroup;
			children = (
				7CB0A8A821AC7883004645F1 /* PlatedRestaurantTests.swift */,
				7CB0A8AA21AC7883004645F1 /* Info.plist */,
			);
			path = PlatedRestaurantTests;
			sourceTree = "<group>";
		};
		7CB0A8B221AC7883004645F1 /* PlatedRestaurantUITests */ = {
			isa = PBXGroup;
			children = (
				7CB0A8B321AC7883004645F1 /* PlatedRestaurantUITests.swift */,
				7CB0A8B521AC7883004645F1 /* Info.plist */,
			);
			path = PlatedRestaurantUITests;
			sourceTree = "<group>";
		};
/* End PBXGroup section */

/* Begin PBXNativeTarget section */
		7CB0A88F21AC7880004645F1 /* PlatedRestaurant */ = {
			isa = PBXNativeTarget;
			buildConfigurationList = 7CB0A8B821AC7883004645F1 /* Build configuration list for PBXNativeTarget "PlatedRestaurant" */;
			buildPhases = (
				7CB0A88C21AC7880004645F1 /* Sources */,
				7CB0A88D21AC7880004645F1 /* Frameworks */,
				7CB0A88E21AC7880004645F1 /* Resources */,
			);
			buildRules = (
			);
			dependencies = (
			);
			name = PlatedRestaurant;
			productName = PlatedRestaurant;
			productReference = 7CB0A89021AC7880004645F1 /* PlatedRestaurant.app */;
			productType = "com.apple.product-type.application";
		};
		7CB0A8A321AC7883004645F1 /* PlatedRestaurantTests */ = {
			isa = PBXNativeTarget;
			buildConfigurationList = 7CB0A8BB21AC7883004645F1 /* Build configuration list for PBXNativeTarget "PlatedRestaurantTests" */;
			buildPhases = (
				7CB0A8A021AC7883004645F1 /* Sources */,
				7CB0A8A121AC7883004645F1 /* Frameworks */,
				7CB0A8A221AC7883004645F1 /* Resources */,
			);
			buildRules = (
			);
			dependencies = (
				7CB0A8A621AC7883004645F1 /* PBXTargetDependency */,
			);
			name = PlatedRestaurantTests;
			productName = PlatedRestaurantTests;
			productReference = 7CB0A8A421AC7883004645F1 /* PlatedRestaurantTests.xctest */;
			productType = "com.apple.product-type.bundle.unit-test";
		};
		7CB0A8AE21AC7883004645F1 /* PlatedRestaurantUITests */ = {
			isa = PBXNativeTarget;
			buildConfigurationList = 7CB0A8BE21AC7883004645F1 /* Build configuration list for PBXNativeTarget "PlatedRestaurantUITests" */;
			buildPhases = (
				7CB0A8AB21AC7883004645F1 /* Sources */,
				7CB0A8AC21AC7883004645F1 /* Frameworks */,
				7CB0A8AD21AC7883004645F1 /* Resources */,
			);
			buildRules = (
			);
			dependencies = (
				7CB0A8B121AC7883004645F1 /* PBXTargetDependency */,
			);
			name = PlatedRestaurantUITests;
			productName = PlatedRestaurantUITests;
			productReference = 7CB0A8AF21AC7883004645F1 /* PlatedRestaurantUITests.xctest */;
			productType = "com.apple.product-type.bundle.ui-testing";
		};
/* End PBXNativeTarget section */

/* Begin PBXProject section */
		7CB0A88821AC7880004645F1 /* Project object */ = {
			isa = PBXProject;
			attributes = {
				LastSwiftUpdateCheck = 1010;
				LastUpgradeCheck = 1010;
				ORGANIZATIONNAME = "Mike Horn";
				TargetAttributes = {
					7CB0A88F21AC7880004645F1 = {
						CreatedOnToolsVersion = 10.1;
					};
					7CB0A8A321AC7883004645F1 = {
						CreatedOnToolsVersion = 10.1;
						TestTargetID = 7CB0A88F21AC7880004645F1;
					};
					7CB0A8AE21AC7883004645F1 = {
						CreatedOnToolsVersion = 10.1;
						TestTargetID = 7CB0A88F21AC7880004645F1;
					};
				};
			};
			buildConfigurationList = 7CB0A88B21AC7880004645F1 /* Build configuration list for PBXProject "PlatedRestaurant" */;
			compatibilityVersion = "Xcode 9.3";
			developmentRegion = en;
			hasScannedForEncodings = 0;
			knownRegions = (
				en,
				Base,
			);
			mainGroup = 7CB0A88721AC7880004645F1;
			productRefGroup = 7CB0A89121AC7880004645F1 /* Products */;
			projectDirPath = "";
			projectRoot = "";
			targets = (
				7CB0A88F21AC7880004645F1 /* PlatedRestaurant */,
				7CB0A8A321AC7883004645F1 /* PlatedRestaurantTests */,
				7CB0A8AE21AC7883004645F1 /* PlatedRestaurantUITests */,
			);
		};
/* End PBXProject section */

/* Begin PBXResourcesBuildPhase section */
		7CB0A88E21AC7880004645F1 /* Resources */ = {
			isa = PBXResourcesBuildPhase;
			buildActionMask = 2147483647;
			files = (
				7CB0A89E21AC7883004645F1 /* LaunchScreen.storyboard in Resources */,
				7CB0A89B21AC7883004645F1 /* Assets.xcassets in Resources */,
				7CB0A89921AC7880004645F1 /* Main.storyboard in Resources */,
			);
			runOnlyForDeploymentPostprocessing = 0;
		};
		7CB0A8A221AC7883004645F1 /* Resources */ = {
			isa = PBXResourcesBuildPhase;
			buildActionMask = 2147483647;
			files = (
			);
			runOnlyForDeploymentPostprocessing = 0;
		};
		7CB0A8AD21AC7883004645F1 /* Resources */ = {
			isa = PBXResourcesBuildPhase;
			buildActionMask = 2147483647;
			files = (
			);
			runOnlyForDeploymentPostprocessing = 0;
		};
/* End PBXResourcesBuildPhase section */

/* Begin PBXSourcesBuildPhase section */
		7CB0A88C21AC7880004645F1 /* Sources */ = {
			isa = PBXSourcesBuildPhase;
			buildActionMask = 2147483647;
			files = (
				7CB0A89621AC7880004645F1 /* ViewController.swift in Sources */,
				7CB0A89421AC7880004645F1 /* AppDelegate.swift in Sources */,
			);
			runOnlyForDeploymentPostprocessing = 0;
		};
		7CB0A8A021AC7883004645F1 /* Sources */ = {
			isa = PBXSourcesBuildPhase;
			buildActionMask = 2147483647;
			files = (
				7CB0A8A921AC7883004645F1 /* PlatedRestaurantTests.swift in Sources */,
			);
			runOnlyForDeploymentPostprocessing = 0;
		};
		7CB0A8AB21AC7883004645F1 /* Sources */ = {
			isa = PBXSourcesBuildPhase;
			buildActionMask = 2147483647;
			files = (
				7CB0A8B421AC7883004645F1 /* PlatedRestaurantUITests.swift in Sources */,
			);
			runOnlyForDeploymentPostprocessing = 0;
		};
/* End PBXSourcesBuildPhase section */

/* Begin PBXTargetDependency section */
		7CB0A8A621AC7883004645F1 /* PBXTargetDependency */ = {
			isa = PBXTargetDependency;
			target = 7CB0A88F21AC7880004645F1 /* PlatedRestaurant */;
			targetProxy = 7CB0A8A521AC7883004645F1 /* PBXContainerItemProxy */;
		};
		7CB0A8B121AC7883004645F1 /* PBXTargetDependency */ = {
			isa = PBXTargetDependency;
			target = 7CB0A88F21AC7880004645F1 /* PlatedRestaurant */;
			targetProxy = 7CB0A8B021AC7883004645F1 /* PBXContainerItemProxy */;
		};
/* End PBXTargetDependency section */

/* Begin PBXVariantGroup section */
		7CB0A89721AC7880004645F1 /* Main.storyboard */ = {
			isa = PBXVariantGroup;
			children = (
				7CB0A89821AC7880004645F1 /* Base */,
			);
			name = Main.storyboard;
			sourceTree = "<group>";
		};
		7CB0A89C21AC7883004645F1 /* LaunchScreen.storyboard */ = {
			isa = PBXVariantGroup;
			children = (
				7CB0A89D21AC7883004645F1 /* Base */,
			);
			name = LaunchScreen.storyboard;
			sourceTree = "<group>";
		};
/* End PBXVariantGroup section */

/* Begin XCBuildConfiguration section */
		7CB0A8B621AC7883004645F1 /* Debug */ = {
			isa = XCBuildConfiguration;
			buildSettings = {
				ALWAYS_SEARCH_USER_PATHS = NO;
				CLANG_ANALYZER_NONNULL = YES;
				CLANG_ANALYZER_NUMBER_OBJECT_CONVERSION = YES_AGGRESSIVE;
				CLANG_CXX_LANGUAGE_STANDARD = "gnu++14";
				CLANG_CXX_LIBRARY = "libc++";
				CLANG_ENABLE_MODULES = YES;
				CLANG_ENABLE_OBJC_ARC = YES;
				CLANG_ENABLE_OBJC_WEAK = YES;
				CLANG_WARN_BLOCK_CAPTURE_AUTORELEASING = YES;
				CLANG_WARN_BOOL_CONVERSION = YES;
				CLANG_WARN_COMMA = YES;
				CLANG_WARN_CONSTANT_CONVERSION = YES;
				CLANG_WARN_DEPRECATED_OBJC_IMPLEMENTATIONS = YES;
				CLANG_WARN_DIRECT_OBJC_ISA_USAGE = YES_ERROR;
				CLANG_WARN_DOCUMENTATION_COMMENTS = YES;
				CLANG_WARN_EMPTY_BODY = YES;
				CLANG_WARN_ENUM_CONVERSION = YES;
				CLANG_WARN_INFINITE_RECURSION = YES;
				CLANG_WARN_INT_CONVERSION = YES;
				CLANG_WARN_NON_LITERAL_NULL_CONVERSION = YES;
				CLANG_WARN_OBJC_IMPLICIT_RETAIN_SELF = YES;
				CLANG_WARN_OBJC_LITERAL_CONVERSION = YES;
				CLANG_WARN_OBJC_ROOT_CLASS = YES_ERROR;
				CLANG_WARN_RANGE_LOOP_ANALYSIS = YES;
				CLANG_WARN_STRICT_PROTOTYPES = YES;
				CLANG_WARN_SUSPICIOUS_MOVE = YES;
				CLANG_WARN_UNGUARDED_AVAILABILITY = YES_AGGRESSIVE;
				CLANG_WARN_UNREACHABLE_CODE = YES;
				CLANG_WARN__DUPLICATE_METHOD_MATCH = YES;
				CODE_SIGN_IDENTITY = "iPhone Developer";
				COPY_PHASE_STRIP = NO;
				DEBUG_INFORMATION_FORMAT = dwarf;
				ENABLE_STRICT_OBJC_MSGSEND = YES;
				ENABLE_TESTABILITY = YES;
				GCC_C_LANGUAGE_STANDARD = gnu11;
				GCC_DYNAMIC_NO_PIC = NO;
				GCC_NO_COMMON_BLOCKS = YES;
				GCC_OPTIMIZATION_LEVEL = 0;
				GCC_PREPROCESSOR_DEFINITIONS = (
					"DEBUG=1",
					"$(inherited)",
				);
				GCC_WARN_64_TO_32_BIT_CONVERSION = YES;
				GCC_WARN_ABOUT_RETURN_TYPE = YES_ERROR;
				GCC_WARN_UNDECLARED_SELECTOR = YES;
				GCC_WARN_UNINITIALIZED_AUTOS = YES_AGGRESSIVE;
				GCC_WARN_UNUSED_FUNCTION = YES;
				GCC_WARN_UNUSED_VARIABLE = YES;
				IPHONEOS_DEPLOYMENT_TARGET = 12.1;
				MTL_ENABLE_DEBUG_INFO = INCLUDE_SOURCE;
				MTL_FAST_MATH = YES;
				ONLY_ACTIVE_ARCH = YES;
				SDKROOT = iphoneos;
				SWIFT_ACTIVE_COMPILATION_CONDITIONS = DEBUG;
				SWIFT_OPTIMIZATION_LEVEL = "-Onone";
			};
			name = Debug;
		};
		7CB0A8B721AC7883004645F1 /* Release */ = {
			isa = XCBuildConfiguration;
			buildSettings = {
				ALWAYS_SEARCH_USER_PATHS = NO;
				CLANG_ANALYZER_NONNULL = YES;
				CLANG_ANALYZER_NUMBER_OBJECT_CONVERSION = YES_AGGRESSIVE;
				CLANG_CXX_LANGUAGE_STANDARD = "gnu++14";
				CLANG_CXX_LIBRARY = "libc++";
				CLANG_ENABLE_MODULES = YES;
				CLANG_ENABLE_OBJC_ARC = YES;
				CLANG_ENABLE_OBJC_WEAK = YES;
				CLANG_WARN_BLOCK_CAPTURE_AUTORELEASING = YES;
				CLANG_WARN_BOOL_CONVERSION = YES;
				CLANG_WARN_COMMA = YES;
				CLANG_WARN_CONSTANT_CONVERSION = YES;
				CLANG_WARN_DEPRECATED_OBJC_IMPLEMENTATIONS = YES;
				CLANG_WARN_DIRECT_OBJC_ISA_USAGE = YES_ERROR;
				CLANG_WARN_DOCUMENTATION_COMMENTS = YES;
				CLANG_WARN_EMPTY_BODY = YES;
				CLANG_WARN_ENUM_CONVERSION = YES;
				CLANG_WARN_INFINITE_RECURSION = YES;
				CLANG_WARN_INT_CONVERSION = YES;
				CLANG_WARN_NON_LITERAL_NULL_CONVERSION = YES;
				CLANG_WARN_OBJC_IMPLICIT_RETAIN_SELF = YES;
				CLANG_WARN_OBJC_LITERAL_CONVERSION = YES;
				CLANG_WARN_OBJC_ROOT_CLASS = YES_ERROR;
				CLANG_WARN_RANGE_LOOP_ANALYSIS = YES;
				CLANG_WARN_STRICT_PROTOTYPES = YES;
				CLANG_WARN_SUSPICIOUS_MOVE = YES;
				CLANG_WARN_UNGUARDED_AVAILABILITY = YES_AGGRESSIVE;
				CLANG_WARN_UNREACHABLE_CODE = YES;
				CLANG_WARN__DUPLICATE_METHOD_MATCH = YES;
				CODE_SIGN_IDENTITY = "iPhone Developer";
				COPY_PHASE_STRIP = NO;
				DEBUG_INFORMATION_FORMAT = "dwarf-with-dsym";
				ENABLE_NS_ASSERTIONS = NO;
				ENABLE_STRICT_OBJC_MSGSEND = YES;
				GCC_C_LANGUAGE_STANDARD = gnu11;
				GCC_NO_COMMON_BLOCKS = YES;
				GCC_WARN_64_TO_32_BIT_CONVERSION = YES;
				GCC_WARN_ABOUT_RETURN_TYPE = YES_ERROR;
				GCC_WARN_UNDECLARED_SELECTOR = YES;
				GCC_WARN_UNINITIALIZED_AUTOS = YES_AGGRESSIVE;
				GCC_WARN_UNUSED_FUNCTION = YES;
				GCC_WARN_UNUSED_VARIABLE = YES;
				IPHONEOS_DEPLOYMENT_TARGET = 12.1;
				MTL_ENABLE_DEBUG_INFO = NO;
				MTL_FAST_MATH = YES;
				SDKROOT = iphoneos;
				SWIFT_COMPILATION_MODE = wholemodule;
				SWIFT_OPTIMIZATION_LEVEL = "-O";
				VALIDATE_PRODUCT = YES;
			};
			name = Release;
		};
		7CB0A8B921AC7883004645F1 /* Debug */ = {
			isa = XCBuildConfiguration;
			buildSettings = {
				ASSETCATALOG_COMPILER_APPICON_NAME = AppIcon;
				CODE_SIGN_STYLE = Automatic;
				DEVELOPMENT_TEAM = V8RHQ7L5JP;
				INFOPLIST_FILE = PlatedRestaurant/Info.plist;
				LD_RUNPATH_SEARCH_PATHS = (
					"$(inherited)",
					"@executable_path/Frameworks",
				);
				PRODUCT_BUNDLE_IDENTIFIER = nyc.mikehorn.PlatedRestaurant;
				PRODUCT_NAME = "$(TARGET_NAME)";
				SWIFT_VERSION = 4.2;
				TARGETED_DEVICE_FAMILY = "1,2";
			};
			name = Debug;
		};
		7CB0A8BA21AC7883004645F1 /* Release */ = {
			isa = XCBuildConfiguration;
			buildSettings = {
				ASSETCATALOG_COMPILER_APPICON_NAME = AppIcon;
				CODE_SIGN_STYLE = Automatic;
				DEVELOPMENT_TEAM = V8RHQ7L5JP;
				INFOPLIST_FILE = PlatedRestaurant/Info.plist;
				LD_RUNPATH_SEARCH_PATHS = (
					"$(inherited)",
					"@executable_path/Frameworks",
				);
				PRODUCT_BUNDLE_IDENTIFIER = nyc.mikehorn.PlatedRestaurant;
				PRODUCT_NAME = "$(TARGET_NAME)";
				SWIFT_VERSION = 4.2;
				TARGETED_DEVICE_FAMILY = "1,2";
			};
			name = Release;
		};
		7CB0A8BC21AC7883004645F1 /* Debug */ = {
			isa = XCBuildConfiguration;
			buildSettings = {
				ALWAYS_EMBED_SWIFT_STANDARD_LIBRARIES = YES;
				BUNDLE_LOADER = "$(TEST_HOST)";
				CODE_SIGN_STYLE = Automatic;
				DEVELOPMENT_TEAM = V8RHQ7L5JP;
				INFOPLIST_FILE = PlatedRestaurantTests/Info.plist;
				LD_RUNPATH_SEARCH_PATHS = (
					"$(inherited)",
					"@executable_path/Frameworks",
					"@loader_path/Frameworks",
				);
				PRODUCT_BUNDLE_IDENTIFIER = nyc.mikehorn.PlatedRestaurantTests;
				PRODUCT_NAME = "$(TARGET_NAME)";
				SWIFT_VERSION = 4.2;
				TARGETED_DEVICE_FAMILY = "1,2";
				TEST_HOST = "$(BUILT_PRODUCTS_DIR)/PlatedRestaurant.app/PlatedRestaurant";
			};
			name = Debug;
		};
		7CB0A8BD21AC7883004645F1 /* Release */ = {
			isa = XCBuildConfiguration;
			buildSettings = {
				ALWAYS_EMBED_SWIFT_STANDARD_LIBRARIES = YES;
				BUNDLE_LOADER = "$(TEST_HOST)";
				CODE_SIGN_STYLE = Automatic;
				DEVELOPMENT_TEAM = V8RHQ7L5JP;
				INFOPLIST_FILE = PlatedRestaurantTests/Info.plist;
				LD_RUNPATH_SEARCH_PATHS = (
					"$(inherited)",
					"@executable_path/Frameworks",
					"@loader_path/Frameworks",
				);
				PRODUCT_BUNDLE_IDENTIFIER = nyc.mikehorn.PlatedRestaurantTests;
				PRODUCT_NAME = "$(TARGET_NAME)";
				SWIFT_VERSION = 4.2;
				TARGETED_DEVICE_FAMILY = "1,2";
				TEST_HOST = "$(BUILT_PRODUCTS_DIR)/PlatedRestaurant.app/PlatedRestaurant";
			};
			name = Release;
		};
		7CB0A8BF21AC7883004645F1 /* Debug */ = {
			isa = XCBuildConfiguration;
			buildSettings = {
				ALWAYS_EMBED_SWIFT_STANDARD_LIBRARIES = YES;
				CODE_SIGN_STYLE = Automatic;
				DEVELOPMENT_TEAM = V8RHQ7L5JP;
				INFOPLIST_FILE = PlatedRestaurantUITests/Info.plist;
				LD_RUNPATH_SEARCH_PATHS = (
					"$(inherited)",
					"@executable_path/Frameworks",
					"@loader_path/Frameworks",
				);
				PRODUCT_BUNDLE_IDENTIFIER = nyc.mikehorn.PlatedRestaurantUITests;
				PRODUCT_NAME = "$(TARGET_NAME)";
				SWIFT_VERSION = 4.2;
				TARGETED_DEVICE_FAMILY = "1,2";
				TEST_TARGET_NAME = PlatedRestaurant;
			};
			name = Debug;
		};
		7CB0A8C021AC7883004645F1 /* Release */ = {
			isa = XCBuildConfiguration;
			buildSettings = {
				ALWAYS_EMBED_SWIFT_STANDARD_LIBRARIES = YES;
				CODE_SIGN_STYLE = Automatic;
				DEVELOPMENT_TEAM = V8RHQ7L5JP;
				INFOPLIST_FILE = PlatedRestaurantUITests/Info.plist;
				LD_RUNPATH_SEARCH_PATHS = (
					"$(inherited)",
					"@executable_path/Frameworks",
					"@loader_path/Frameworks",
				);
				PRODUCT_BUNDLE_IDENTIFIER = nyc.mikehorn.PlatedRestaurantUITests;
				PRODUCT_NAME = "$(TARGET_NAME)";
				SWIFT_VERSION = 4.2;
				TARGETED_DEVICE_FAMILY = "1,2";
				TEST_TARGET_NAME = PlatedRestaurant;
			};
			name = Release;
		};
/* End XCBuildConfiguration section */

/* Begin XCConfigurationList section */
		7CB0A88B21AC7880004645F1 /* Build configuration list for PBXProject "PlatedRestaurant" */ = {
			isa = XCConfigurationList;
			buildConfigurations = (
				7CB0A8B621AC7883004645F1 /* Debug */,
				7CB0A8B721AC7883004645F1 /* Release */,
			);
			defaultConfigurationIsVisible = 0;
			defaultConfigurationName = Release;
		};
		7CB0A8B821AC7883004645F1 /* Build configuration list for PBXNativeTarget "PlatedRestaurant" */ = {
			isa = XCConfigurationList;
			buildConfigurations = (
				7CB0A8B921AC7883004645F1 /* Debug */,
				7CB0A8BA21AC7883004645F1 /* Release */,
			);
			defaultConfigurationIsVisible = 0;
			defaultConfigurationName = Release;
		};
		7CB0A8BB21AC7883004645F1 /* Build configuration list for PBXNativeTarget "PlatedRestaurantTests" */ = {
			isa = XCConfigurationList;
			buildConfigurations = (
				7CB0A8BC21AC7883004645F1 /* Debug */,
				7CB0A8BD21AC7883004645F1 /* Release */,
			);
			defaultConfigurationIsVisible = 0;
			defaultConfigurationName = Release;
		};
		7CB0A8BE21AC7883004645F1 /* Build configuration list for PBXNativeTarget "PlatedRestaurantUITests" */ = {
			isa = XCConfigurationList;
			buildConfigurations = (
				7CB0A8BF21AC7883004645F1 /* Debug */,
				7CB0A8C021AC7883004645F1 /* Release */,
			);
			defaultConfigurationIsVisible = 0;
			defaultConfigurationName = Release;
		};
/* End XCConfigurationList section */
	};
	rootObject = 7CB0A88821AC7880004645F1 /* Project object */;
}
